
Microsoft Visual Studio Solution File, Format Version 12.00
# Visual Studio Version 17
VisualStudioVersion = 17.2.32630.192
MinimumVisualStudioVersion = 10.0.40219.1
Project("{FAE04EC0-301F-11D3-BF4B-00C04F79EFBC}") = "threads20-03", "threads20-03\threads20-03.csproj", "{673031F4-EBC3-4EB3-BA6C-7D8908981FCE}"
EndProject
Global
	GlobalSection(SolutionConfigurationPlatforms) = preSolution
		Debug|Any CPU = Debug|Any CPU
		Release|Any CPU = Release|Any CPU
	EndGlobalSection
	GlobalSection(ProjectConfigurationPlatforms) = postSolution
		{673031F4-EBC3-4EB3-BA6C-7D8908981FCE}.Debug|Any CPU.ActiveCfg = Debug|Any CPU
		{673031F4-EBC3-4EB3-BA6C-7D8908981FCE}.Debug|Any CPU.Build.0 = Debug|Any CPU
		{673031F4-EBC3-4EB3-BA6C-7D8908981FCE}.Release|Any CPU.ActiveCfg = Release|Any CPU
		{673031F4-EBC3-4EB3-BA6C-7D8908981FCE}.Release|Any CPU.Build.0 = Release|Any CPU
	EndGlobalSection
	GlobalSection(SolutionProperties) = preSolution
		HideSolutionNode = FALSE
	EndGlobalSection
	GlobalSection(ExtensibilityGlobals) = postSolution
		SolutionGuid = {26B3D2FE-32C7-43D3-8BBD-2B018B75FF94}
	EndGlobalSection
EndGlobal
